# This file is automatically @generated by Cargo.
# It is not intended for manual editing.
[[package]]
name = "itoa"
version = "0.4.3"
source = "registry+https://github.com/rust-lang/crates.io-index"
checksum = "1306f3464951f30e30d12373d31c79fbd52d236e5e896fd92f96ec7babbbe60b"

[[package]]
name = "leetcode_prelude"
version = "0.2.3"
source = "registry+https://github.com/rust-lang/crates.io-index"
checksum = "516d88d39fdeaa67c8b093164ab9a620f4320467fa9572261ed57b0bf98a9a23"
dependencies = [
 "leetcode_test",
]

[[package]]
name = "leetcode_test"
version = "0.1.1"
source = "registry+https://github.com/rust-lang/crates.io-index"
checksum = "d27bf4ee78400cc25c366c2780c8b881a14484275b69cc3c8608d1080a875445"
dependencies = [
 "serde_json",
]

[[package]]
name = "rust"
version = "0.1.0"
dependencies = [
 "leetcode_prelude",
]

[[package]]
name = "ryu"
version = "0.2.7"
source = "registry+https://github.com/rust-lang/crates.io-index"
checksum = "eb9e9b8cde282a9fe6a42dd4681319bfb63f121b8a8ee9439c6f4107e58a46f7"

[[package]]
name = "serde"
version = "1.0.85"
source = "registry+https://github.com/rust-lang/crates.io-index"
checksum = "534b8b91a95e0f71bca3ed5824752d558da048d4248c91af873b63bd60519752"

[[package]]
name = "serde_json"
version = "1.0.36"
source = "registry+https://github.com/rust-lang/crates.io-index"
checksum = "574378d957d6dcdf1bbb5d562a15cbd5e644159432f84634b94e485267abbcc7"
dependencies = [
 "itoa",
 "ryu",
 "serde",
]
